
Microsoft Visual Studio Solution File, Format Version 12.00
# Visual Studio Version 17
VisualStudioVersion = 17.5.33530.505
MinimumVisualStudioVersion = 10.0.40219.1
Project("{FAE04EC0-301F-11D3-BF4B-00C04F79EFBC}") = "FinalProject", "FinalProject.csproj", "{F434E63E-EBCD-43A2-9D19-8F8F9190C5AC}"
EndProject
Global
	GlobalSection(SolutionConfigurationPlatforms) = preSolution
		Debug|Any CPU = Debug|Any CPU
		Release|Any CPU = Release|Any CPU
	EndGlobalSection
	GlobalSection(ProjectConfigurationPlatforms) = postSolution
		{F434E63E-EBCD-43A2-9D19-8F8F9190C5AC}.Debug|Any CPU.ActiveCfg = Debug|Any CPU
		{F434E63E-EBCD-43A2-9D19-8F8F9190C5AC}.Debug|Any CPU.Build.0 = Debug|Any CPU
		{F434E63E-EBCD-43A2-9D19-8F8F9190C5AC}.Release|Any CPU.ActiveCfg = Release|Any CPU
		{F434E63E-EBCD-43A2-9D19-8F8F9190C5AC}.Release|Any CPU.Build.0 = Release|Any CPU
	EndGlobalSection
	GlobalSection(SolutionProperties) = preSolution
		HideSolutionNode = FALSE
	EndGlobalSection
	GlobalSection(ExtensibilityGlobals) = postSolution
		SolutionGuid = {3356B929-59BF-45B4-96BD-09067570901A}
	EndGlobalSection
EndGlobal
